
Microsoft Visual Studio Solution File, Format Version 12.00
# Visual Studio Version 16
VisualStudioVersion = 16.0.30011.22
MinimumVisualStudioVersion = 10.0.40219.1
Project("{8BC9CEB8-8B4A-11D0-8D11-00A0C91BC942}") = "learningRPC", "learningRPC\learningRPC.vcxproj", "{CABCD32A-83B2-404B-8E3E-52F6100DED44}"
EndProject
Project("{8BC9CEB8-8B4A-11D0-8D11-00A0C91BC942}") = "client", "client\client.vcxproj", "{3C1B047B-5E78-42F5-AFDD-B0B123F6CCCA}"
EndProject
Project("{8BC9CEB8-8B4A-11D0-8D11-00A0C91BC942}") = "server", "server\server.vcxproj", "{B7E3C9DC-7126-4883-889B-F1CD6A47DB86}"
EndProject
Global
	GlobalSection(SolutionConfigurationPlatforms) = preSolution
		Debug|x64 = Debug|x64
		Debug|x86 = Debug|x86
		Release|x64 = Release|x64
		Release|x86 = Release|x86
	EndGlobalSection
	GlobalSection(ProjectConfigurationPlatforms) = postSolution
		{CABCD32A-83B2-404B-8E3E-52F6100DED44}.Debug|x64.ActiveCfg = Debug|x64
		{CABCD32A-83B2-404B-8E3E-52F6100DED44}.Debug|x64.Build.0 = Debug|x64
		{CABCD32A-83B2-404B-8E3E-52F6100DED44}.Debug|x86.ActiveCfg = Debug|Win32
		{CABCD32A-83B2-404B-8E3E-52F6100DED44}.Debug|x86.Build.0 = Debug|Win32
		{CABCD32A-83B2-404B-8E3E-52F6100DED44}.Release|x64.ActiveCfg = Release|x64
		{CABCD32A-83B2-404B-8E3E-52F6100DED44}.Release|x64.Build.0 = Release|x64
		{CABCD32A-83B2-404B-8E3E-52F6100DED44}.Release|x86.ActiveCfg = Release|Win32
		{CABCD32A-83B2-404B-8E3E-52F6100DED44}.Release|x86.Build.0 = Release|Win32
		{3C1B047B-5E78-42F5-AFDD-B0B123F6CCCA}.Debug|x64.ActiveCfg = Debug|x64
		{3C1B047B-5E78-42F5-AFDD-B0B123F6CCCA}.Debug|x64.Build.0 = Debug|x64
		{3C1B047B-5E78-42F5-AFDD-B0B123F6CCCA}.Debug|x86.ActiveCfg = Debug|Win32
		{3C1B047B-5E78-42F5-AFDD-B0B123F6CCCA}.Debug|x86.Build.0 = Debug|Win32
		{3C1B047B-5E78-42F5-AFDD-B0B123F6CCCA}.Release|x64.ActiveCfg = Release|x64
		{3C1B047B-5E78-42F5-AFDD-B0B123F6CCCA}.Release|x64.Build.0 = Release|x64
		{3C1B047B-5E78-42F5-AFDD-B0B123F6CCCA}.Release|x86.ActiveCfg = Release|Win32
		{3C1B047B-5E78-42F5-AFDD-B0B123F6CCCA}.Release|x86.Build.0 = Release|Win32
		{B7E3C9DC-7126-4883-889B-F1CD6A47DB86}.Debug|x64.ActiveCfg = Debug|x64
		{B7E3C9DC-7126-4883-889B-F1CD6A47DB86}.Debug|x64.Build.0 = Debug|x64
		{B7E3C9DC-7126-4883-889B-F1CD6A47DB86}.Debug|x86.ActiveCfg = Debug|Win32
		{B7E3C9DC-7126-4883-889B-F1CD6A47DB86}.Debug|x86.Build.0 = Debug|Win32
		{B7E3C9DC-7126-4883-889B-F1CD6A47DB86}.Release|x64.ActiveCfg = Release|x64
		{B7E3C9DC-7126-4883-889B-F1CD6A47DB86}.Release|x64.Build.0 = Release|x64
		{B7E3C9DC-7126-4883-889B-F1CD6A47DB86}.Release|x86.ActiveCfg = Release|Win32
		{B7E3C9DC-7126-4883-889B-F1CD6A47DB86}.Release|x86.Build.0 = Release|Win32
	EndGlobalSection
	GlobalSection(SolutionProperties) = preSolution
		HideSolutionNode = FALSE
	EndGlobalSection
	GlobalSection(ExtensibilityGlobals) = postSolution
		SolutionGuid = {1EE4C3E6-E64C-47FE-AE94-C0C58001B641}
	EndGlobalSection
EndGlobal
